
Microsoft Visual Studio Solution File, Format Version 12.00
# Visual Studio Version 17
VisualStudioVersion = 17.4.33205.214
MinimumVisualStudioVersion = 10.0.40219.1
Project("{9A19103F-16F7-4668-BE54-9A1E7A4F7556}") = "VideoProcessor", "VideoProcessor.csproj", "{8BF6653E-78F9-405E-86AF-53CCC4EC5427}"
EndProject
Project("{9A19103F-16F7-4668-BE54-9A1E7A4F7556}") = "VideoUploader", "..\VideoUploader\VideoUploader.csproj", "{1FEC0EC9-6DEF-40FD-9488-E4003E36309A}"
EndProject
Project("{9A19103F-16F7-4668-BE54-9A1E7A4F7556}") = "VideoUploader.Tests", "..\VideoUploader.Tests\VideoUploader.Tests.csproj", "{4E5833E3-A8D8-443D-8E85-3E59FAC41247}"
EndProject
Project("{9A19103F-16F7-4668-BE54-9A1E7A4F7556}") = "VideoProcessor.Tests", "..\VideoProcessor.Tests\VideoProcessor.Tests.csproj", "{C1DC1F53-4C1F-4325-B917-891D7EC3C9F1}"
EndProject
Project("{9A19103F-16F7-4668-BE54-9A1E7A4F7556}") = "VideoShared", "..\VideoShared\VideoShared.csproj", "{4152C922-F60B-4BD5-B67B-EB2EB5BCC274}"
EndProject
Project("{2150E333-8FDC-42A3-9474-1A3956D46DE8}") = "Solution Items", "Solution Items", "{045640A1-E457-43D2-BA22-4E100995EE7E}"
EndProject
Project("{2150E333-8FDC-42A3-9474-1A3956D46DE8}") = ".devcontainer", ".devcontainer", "{BAA1DDCA-9C19-4763-B21B-562B53CF3B4E}"
	ProjectSection(SolutionItems) = preProject
		..\..\.devcontainer\dev.dockerfile = ..\..\.devcontainer\dev.dockerfile
		..\..\.devcontainer\devcontainer.json = ..\..\.devcontainer\devcontainer.json
	EndProjectSection
EndProject
Global
	GlobalSection(SolutionConfigurationPlatforms) = preSolution
		Debug|Any CPU = Debug|Any CPU
		Release|Any CPU = Release|Any CPU
	EndGlobalSection
	GlobalSection(ProjectConfigurationPlatforms) = postSolution
		{8BF6653E-78F9-405E-86AF-53CCC4EC5427}.Debug|Any CPU.ActiveCfg = Debug|Any CPU
		{8BF6653E-78F9-405E-86AF-53CCC4EC5427}.Debug|Any CPU.Build.0 = Debug|Any CPU
		{8BF6653E-78F9-405E-86AF-53CCC4EC5427}.Release|Any CPU.ActiveCfg = Release|Any CPU
		{8BF6653E-78F9-405E-86AF-53CCC4EC5427}.Release|Any CPU.Build.0 = Release|Any CPU
		{1FEC0EC9-6DEF-40FD-9488-E4003E36309A}.Debug|Any CPU.ActiveCfg = Debug|Any CPU
		{1FEC0EC9-6DEF-40FD-9488-E4003E36309A}.Debug|Any CPU.Build.0 = Debug|Any CPU
		{1FEC0EC9-6DEF-40FD-9488-E4003E36309A}.Release|Any CPU.ActiveCfg = Release|Any CPU
		{1FEC0EC9-6DEF-40FD-9488-E4003E36309A}.Release|Any CPU.Build.0 = Release|Any CPU
		{4E5833E3-A8D8-443D-8E85-3E59FAC41247}.Debug|Any CPU.ActiveCfg = Debug|Any CPU
		{4E5833E3-A8D8-443D-8E85-3E59FAC41247}.Debug|Any CPU.Build.0 = Debug|Any CPU
		{4E5833E3-A8D8-443D-8E85-3E59FAC41247}.Release|Any CPU.ActiveCfg = Release|Any CPU
		{4E5833E3-A8D8-443D-8E85-3E59FAC41247}.Release|Any CPU.Build.0 = Release|Any CPU
		{C1DC1F53-4C1F-4325-B917-891D7EC3C9F1}.Debug|Any CPU.ActiveCfg = Debug|Any CPU
		{C1DC1F53-4C1F-4325-B917-891D7EC3C9F1}.Debug|Any CPU.Build.0 = Debug|Any CPU
		{C1DC1F53-4C1F-4325-B917-891D7EC3C9F1}.Release|Any CPU.ActiveCfg = Release|Any CPU
		{C1DC1F53-4C1F-4325-B917-891D7EC3C9F1}.Release|Any CPU.Build.0 = Release|Any CPU
		{4152C922-F60B-4BD5-B67B-EB2EB5BCC274}.Debug|Any CPU.ActiveCfg = Debug|Any CPU
		{4152C922-F60B-4BD5-B67B-EB2EB5BCC274}.Debug|Any CPU.Build.0 = Debug|Any CPU
		{4152C922-F60B-4BD5-B67B-EB2EB5BCC274}.Release|Any CPU.ActiveCfg = Release|Any CPU
		{4152C922-F60B-4BD5-B67B-EB2EB5BCC274}.Release|Any CPU.Build.0 = Release|Any CPU
	EndGlobalSection
	GlobalSection(SolutionProperties) = preSolution
		HideSolutionNode = FALSE
	EndGlobalSection
	GlobalSection(NestedProjects) = preSolution
		{BAA1DDCA-9C19-4763-B21B-562B53CF3B4E} = {045640A1-E457-43D2-BA22-4E100995EE7E}
	EndGlobalSection
	GlobalSection(ExtensibilityGlobals) = postSolution
		SolutionGuid = {057B56B1-F1A4-4DEA-A3E1-BC3EDDAC7A03}
	EndGlobalSection
EndGlobal
